
Microsoft Visual Studio Solution File, Format Version 12.00
# Visual Studio Version 16
VisualStudioVersion = 16.6.30114.105
MinimumVisualStudioVersion = 10.0.40219.1
Project("{2150E333-8FDC-42A3-9474-1A3956D46DE8}") = "src", "src", "{C24524C7-B55E-4754-9182-7396B9F6551C}"
EndProject
Project("{FAE04EC0-301F-11D3-BF4B-00C04F79EFBC}") = "PipefittersSupply", "src\PipefittersSupply\PipefittersSupply.csproj", "{8673EB3C-03F6-44EE-AA2B-24E7B251769F}"
EndProject
Project("{FAE04EC0-301F-11D3-BF4B-00C04F79EFBC}") = "PipefittersSupply.Domain", "src\PipefittersSupply.Domain\PipefittersSupply.Domain.csproj", "{1E9BD984-BCDD-43B5-ADEF-858401842A7D}"
EndProject
Project("{FAE04EC0-301F-11D3-BF4B-00C04F79EFBC}") = "PipefittersSupply.Framework", "src\PipefittersSupply.Framework\PipefittersSupply.Framework.csproj", "{8A27325F-C8CD-4C3B-9BD7-786F26B2F2BA}"
EndProject
Project("{2150E333-8FDC-42A3-9474-1A3956D46DE8}") = "test", "test", "{234AD9AF-9F39-4954-B66C-DF6DE361E260}"
EndProject
Project("{FAE04EC0-301F-11D3-BF4B-00C04F79EFBC}") = "PipefittersSupply.Tests", "test\PipefittersSupply.Tests\PipefittersSupply.Tests.csproj", "{ACB4C38B-0B8D-4505-8836-034B6DA93587}"
EndProject
Global
	GlobalSection(SolutionConfigurationPlatforms) = preSolution
		Debug|Any CPU = Debug|Any CPU
		Debug|x64 = Debug|x64
		Debug|x86 = Debug|x86
		Release|Any CPU = Release|Any CPU
		Release|x64 = Release|x64
		Release|x86 = Release|x86
	EndGlobalSection
	GlobalSection(SolutionProperties) = preSolution
		HideSolutionNode = FALSE
	EndGlobalSection
	GlobalSection(ProjectConfigurationPlatforms) = postSolution
		{8673EB3C-03F6-44EE-AA2B-24E7B251769F}.Debug|Any CPU.ActiveCfg = Debug|Any CPU
		{8673EB3C-03F6-44EE-AA2B-24E7B251769F}.Debug|Any CPU.Build.0 = Debug|Any CPU
		{8673EB3C-03F6-44EE-AA2B-24E7B251769F}.Debug|x64.ActiveCfg = Debug|Any CPU
		{8673EB3C-03F6-44EE-AA2B-24E7B251769F}.Debug|x64.Build.0 = Debug|Any CPU
		{8673EB3C-03F6-44EE-AA2B-24E7B251769F}.Debug|x86.ActiveCfg = Debug|Any CPU
		{8673EB3C-03F6-44EE-AA2B-24E7B251769F}.Debug|x86.Build.0 = Debug|Any CPU
		{8673EB3C-03F6-44EE-AA2B-24E7B251769F}.Release|Any CPU.ActiveCfg = Release|Any CPU
		{8673EB3C-03F6-44EE-AA2B-24E7B251769F}.Release|Any CPU.Build.0 = Release|Any CPU
		{8673EB3C-03F6-44EE-AA2B-24E7B251769F}.Release|x64.ActiveCfg = Release|Any CPU
		{8673EB3C-03F6-44EE-AA2B-24E7B251769F}.Release|x64.Build.0 = Release|Any CPU
		{8673EB3C-03F6-44EE-AA2B-24E7B251769F}.Release|x86.ActiveCfg = Release|Any CPU
		{8673EB3C-03F6-44EE-AA2B-24E7B251769F}.Release|x86.Build.0 = Release|Any CPU
		{1E9BD984-BCDD-43B5-ADEF-858401842A7D}.Debug|Any CPU.ActiveCfg = Debug|Any CPU
		{1E9BD984-BCDD-43B5-ADEF-858401842A7D}.Debug|Any CPU.Build.0 = Debug|Any CPU
		{1E9BD984-BCDD-43B5-ADEF-858401842A7D}.Debug|x64.ActiveCfg = Debug|Any CPU
		{1E9BD984-BCDD-43B5-ADEF-858401842A7D}.Debug|x64.Build.0 = Debug|Any CPU
		{1E9BD984-BCDD-43B5-ADEF-858401842A7D}.Debug|x86.ActiveCfg = Debug|Any CPU
		{1E9BD984-BCDD-43B5-ADEF-858401842A7D}.Debug|x86.Build.0 = Debug|Any CPU
		{1E9BD984-BCDD-43B5-ADEF-858401842A7D}.Release|Any CPU.ActiveCfg = Release|Any CPU
		{1E9BD984-BCDD-43B5-ADEF-858401842A7D}.Release|Any CPU.Build.0 = Release|Any CPU
		{1E9BD984-BCDD-43B5-ADEF-858401842A7D}.Release|x64.ActiveCfg = Release|Any CPU
		{1E9BD984-BCDD-43B5-ADEF-858401842A7D}.Release|x64.Build.0 = Release|Any CPU
		{1E9BD984-BCDD-43B5-ADEF-858401842A7D}.Release|x86.ActiveCfg = Release|Any CPU
		{1E9BD984-BCDD-43B5-ADEF-858401842A7D}.Release|x86.Build.0 = Release|Any CPU
		{8A27325F-C8CD-4C3B-9BD7-786F26B2F2BA}.Debug|Any CPU.ActiveCfg = Debug|Any CPU
		{8A27325F-C8CD-4C3B-9BD7-786F26B2F2BA}.Debug|Any CPU.Build.0 = Debug|Any CPU
		{8A27325F-C8CD-4C3B-9BD7-786F26B2F2BA}.Debug|x64.ActiveCfg = Debug|Any CPU
		{8A27325F-C8CD-4C3B-9BD7-786F26B2F2BA}.Debug|x64.Build.0 = Debug|Any CPU
		{8A27325F-C8CD-4C3B-9BD7-786F26B2F2BA}.Debug|x86.ActiveCfg = Debug|Any CPU
		{8A27325F-C8CD-4C3B-9BD7-786F26B2F2BA}.Debug|x86.Build.0 = Debug|Any CPU
		{8A27325F-C8CD-4C3B-9BD7-786F26B2F2BA}.Release|Any CPU.ActiveCfg = Release|Any CPU
		{8A27325F-C8CD-4C3B-9BD7-786F26B2F2BA}.Release|Any CPU.Build.0 = Release|Any CPU
		{8A27325F-C8CD-4C3B-9BD7-786F26B2F2BA}.Release|x64.ActiveCfg = Release|Any CPU
		{8A27325F-C8CD-4C3B-9BD7-786F26B2F2BA}.Release|x64.Build.0 = Release|Any CPU
		{8A27325F-C8CD-4C3B-9BD7-786F26B2F2BA}.Release|x86.ActiveCfg = Release|Any CPU
		{8A27325F-C8CD-4C3B-9BD7-786F26B2F2BA}.Release|x86.Build.0 = Release|Any CPU
		{ACB4C38B-0B8D-4505-8836-034B6DA93587}.Debug|Any CPU.ActiveCfg = Debug|Any CPU
		{ACB4C38B-0B8D-4505-8836-034B6DA93587}.Debug|Any CPU.Build.0 = Debug|Any CPU
		{ACB4C38B-0B8D-4505-8836-034B6DA93587}.Debug|x64.ActiveCfg = Debug|Any CPU
		{ACB4C38B-0B8D-4505-8836-034B6DA93587}.Debug|x64.Build.0 = Debug|Any CPU
		{ACB4C38B-0B8D-4505-8836-034B6DA93587}.Debug|x86.ActiveCfg = Debug|Any CPU
		{ACB4C38B-0B8D-4505-8836-034B6DA93587}.Debug|x86.Build.0 = Debug|Any CPU
		{ACB4C38B-0B8D-4505-8836-034B6DA93587}.Release|Any CPU.ActiveCfg = Release|Any CPU
		{ACB4C38B-0B8D-4505-8836-034B6DA93587}.Release|Any CPU.Build.0 = Release|Any CPU
		{ACB4C38B-0B8D-4505-8836-034B6DA93587}.Release|x64.ActiveCfg = Release|Any CPU
		{ACB4C38B-0B8D-4505-8836-034B6DA93587}.Release|x64.Build.0 = Release|Any CPU
		{ACB4C38B-0B8D-4505-8836-034B6DA93587}.Release|x86.ActiveCfg = Release|Any CPU
		{ACB4C38B-0B8D-4505-8836-034B6DA93587}.Release|x86.Build.0 = Release|Any CPU
	EndGlobalSection
	GlobalSection(NestedProjects) = preSolution
		{8673EB3C-03F6-44EE-AA2B-24E7B251769F} = {C24524C7-B55E-4754-9182-7396B9F6551C}
		{1E9BD984-BCDD-43B5-ADEF-858401842A7D} = {C24524C7-B55E-4754-9182-7396B9F6551C}
		{8A27325F-C8CD-4C3B-9BD7-786F26B2F2BA} = {C24524C7-B55E-4754-9182-7396B9F6551C}
		{ACB4C38B-0B8D-4505-8836-034B6DA93587} = {234AD9AF-9F39-4954-B66C-DF6DE361E260}
	EndGlobalSection
EndGlobal
